
Microsoft Visual Studio Solution File, Format Version 12.00
# Visual Studio Version 16
VisualStudioVersion = 16.0.808.0
MinimumVisualStudioVersion = 10.0.40219.1
Project("{FAE04EC0-301F-11D3-BF4B-00C04F79EFBC}") = "TodoApi", "TodoApi\TodoApi.csproj", "{2EA06BAE-03B5-41A4-8D2B-8CEA4F7DD613}"
EndProject
Global
	GlobalSection(SolutionConfigurationPlatforms) = preSolution
		Debug|Any CPU = Debug|Any CPU
		Release|Any CPU = Release|Any CPU
	EndGlobalSection
	GlobalSection(ProjectConfigurationPlatforms) = postSolution
		{2EA06BAE-03B5-41A4-8D2B-8CEA4F7DD613}.Debug|Any CPU.ActiveCfg = Debug|Any CPU
		{2EA06BAE-03B5-41A4-8D2B-8CEA4F7DD613}.Debug|Any CPU.Build.0 = Debug|Any CPU
		{2EA06BAE-03B5-41A4-8D2B-8CEA4F7DD613}.Release|Any CPU.ActiveCfg = Release|Any CPU
		{2EA06BAE-03B5-41A4-8D2B-8CEA4F7DD613}.Release|Any CPU.Build.0 = Release|Any CPU
	EndGlobalSection
	GlobalSection(SolutionProperties) = preSolution
		HideSolutionNode = FALSE
	EndGlobalSection
	GlobalSection(ExtensibilityGlobals) = postSolution
		SolutionGuid = {266D0DBE-8ED2-4163-AA31-7C704EF33B44}
	EndGlobalSection
EndGlobal
